// !$*UTF8*$!
{
	archiveVersion = 1;
	classes = {
	};
	objectVersion = 46;
	objects = {

/* Begin PBXBuildFile section */
		89E0602118207C0D002CBC39 /* Foundation.framework in Frameworks */ = {isa = PBXBuildFile; fileRef = 89E0602018207C0D002CBC39 /* Foundation.framework */; };
		89E0602318207C0D002CBC39 /* CoreGraphics.framework in Frameworks */ = {isa = PBXBuildFile; fileRef = 89E0602218207C0D002CBC39 /* CoreGraphics.framework */; };
		89E0602518207C0D002CBC39 /* UIKit.framework in Frameworks */ = {isa = PBXBuildFile; fileRef = 89E0602418207C0D002CBC39 /* UIKit.framework */; };
		89E0602B18207C0D002CBC39 /* InfoPlist.strings in Resources */ = {isa = PBXBuildFile; fileRef = 89E0602918207C0D002CBC39 /* InfoPlist.strings */; };
		89E0602D18207C0D002CBC39 /* main.m in Sources */ = {isa = PBXBuildFile; fileRef = 89E0602C18207C0D002CBC39 /* main.m */; };
		89E0603118207C0D002CBC39 /* AppDelegate.m in Sources */ = {isa = PBXBuildFile; fileRef = 89E0603018207C0D002CBC39 /* AppDelegate.m */; };
		89E0603418207C0D002CBC39 /* Main.storyboard in Resources */ = {isa = PBXBuildFile; fileRef = 89E0603218207C0D002CBC39 /* Main.storyboard */; };
		89E0603718207C0D002CBC39 /* FirstViewController.m in Sources */ = {isa = PBXBuildFile; fileRef = 89E0603618207C0D002CBC39 /* FirstViewController.m */; };
		89E0603A18207C0D002CBC39 /* SecondViewController.m in Sources */ = {isa = PBXBuildFile; fileRef = 89E0603918207C0D002CBC39 /* SecondViewController.m */; };
		89E0603C18207C0D002CBC39 /* Images.xcassets in Resources */ = {isa = PBXBuildFile; fileRef = 89E0603B18207C0D002CBC39 /* Images.xcassets */; };
		89E0604318207C0E002CBC39 /* XCTest.framework in Frameworks */ = {isa = PBXBuildFile; fileRef = 89E0604218207C0E002CBC39 /* XCTest.framework */; };
		89E0604418207C0E002CBC39 /* Foundation.framework in Frameworks */ = {isa = PBXBuildFile; fileRef = 89E0602018207C0D002CBC39 /* Foundation.framework */; };
		89E0604518207C0E002CBC39 /* UIKit.framework in Frameworks */ = {isa = PBXBuildFile; fileRef = 89E0602418207C0D002CBC39 /* UIKit.framework */; };
		89E0604D18207C0E002CBC39 /* InfoPlist.strings in Resources */ = {isa = PBXBuildFile; fileRef = 89E0604B18207C0E002CBC39 /* InfoPlist.strings */; };
		89E0604F18207C0E002CBC39 /* HolidayPartyTests.m in Sources */ = {isa = PBXBuildFile; fileRef = 89E0604E18207C0E002CBC39 /* HolidayPartyTests.m */; };
		89E0606C1820B0BD002CBC39 /* AFHTTPClient.m in Sources */ = {isa = PBXBuildFile; fileRef = 89E0605A1820B0BD002CBC39 /* AFHTTPClient.m */; };
		89E0606D1820B0BD002CBC39 /* AFHTTPRequestOperation.m in Sources */ = {isa = PBXBuildFile; fileRef = 89E0605C1820B0BD002CBC39 /* AFHTTPRequestOperation.m */; };
		89E0606E1820B0BD002CBC39 /* AFImageRequestOperation.m in Sources */ = {isa = PBXBuildFile; fileRef = 89E0605E1820B0BD002CBC39 /* AFImageRequestOperation.m */; };
		89E0606F1820B0BD002CBC39 /* AFJSONRequestOperation.m in Sources */ = {isa = PBXBuildFile; fileRef = 89E060601820B0BD002CBC39 /* AFJSONRequestOperation.m */; };
		89E060701820B0BD002CBC39 /* AFNetworkActivityIndicatorManager.m in Sources */ = {isa = PBXBuildFile; fileRef = 89E060621820B0BD002CBC39 /* AFNetworkActivityIndicatorManager.m */; };
		89E060711820B0BD002CBC39 /* AFPropertyListRequestOperation.m in Sources */ = {isa = PBXBuildFile; fileRef = 89E060651820B0BD002CBC39 /* AFPropertyListRequestOperation.m */; };
		89E060721820B0BD002CBC39 /* AFURLConnectionOperation.m in Sources */ = {isa = PBXBuildFile; fileRef = 89E060671820B0BD002CBC39 /* AFURLConnectionOperation.m */; };
		89E060731820B0BD002CBC39 /* AFXMLRequestOperation.m in Sources */ = {isa = PBXBuildFile; fileRef = 89E060691820B0BD002CBC39 /* AFXMLRequestOperation.m */; };
		89E060741820B0BD002CBC39 /* UIImageView+AFNetworking.m in Sources */ = {isa = PBXBuildFile; fileRef = 89E0606B1820B0BD002CBC39 /* UIImageView+AFNetworking.m */; };
		89E060761820B99A002CBC39 /* SystemConfiguration.framework in Frameworks */ = {isa = PBXBuildFile; fileRef = 89E060751820B99A002CBC39 /* SystemConfiguration.framework */; };
		89E060781820B9D5002CBC39 /* MobileCoreServices.framework in Frameworks */ = {isa = PBXBuildFile; fileRef = 89E060771820B9D5002CBC39 /* MobileCoreServices.framework */; };
/* End PBXBuildFile section */

/* Begin PBXContainerItemProxy section */
		89E0604618207C0E002CBC39 /* PBXContainerItemProxy */ = {
			isa = PBXContainerItemProxy;
			containerPortal = 89E0601518207C0D002CBC39 /* Project object */;
			proxyType = 1;
			remoteGlobalIDString = 89E0601C18207C0D002CBC39;
			remoteInfo = HolidayParty;
		};
/* End PBXContainerItemProxy section */

/* Begin PBXFileReference section */
		89E0601D18207C0D002CBC39 /* HolidayParty.app */ = {isa = PBXFileReference; explicitFileType = wrapper.application; includeInIndex = 0; path = HolidayParty.app; sourceTree = BUILT_PRODUCTS_DIR; };
		89E0602018207C0D002CBC39 /* Foundation.framework */ = {isa = PBXFileReference; lastKnownFileType = wrapper.framework; name = Foundation.framework; path = System/Library/Frameworks/Foundation.framework; sourceTree = SDKROOT; };
		89E0602218207C0D002CBC39 /* CoreGraphics.framework */ = {isa = PBXFileReference; lastKnownFileType = wrapper.framework; name = CoreGraphics.framework; path = System/Library/Frameworks/CoreGraphics.framework; sourceTree = SDKROOT; };
		89E0602418207C0D002CBC39 /* UIKit.framework */ = {isa = PBXFileReference; lastKnownFileType = wrapper.framework; name = UIKit.framework; path = System/Library/Frameworks/UIKit.framework; sourceTree = SDKROOT; };
		89E0602818207C0D002CBC39 /* HolidayParty-Info.plist */ = {isa = PBXFileReference; lastKnownFileType = text.plist.xml; path = "HolidayParty-Info.plist"; sourceTree = "<group>"; };
		89E0602A18207C0D002CBC39 /* en */ = {isa = PBXFileReference; lastKnownFileType = text.plist.strings; name = en; path = en.lproj/InfoPlist.strings; sourceTree = "<group>"; };
		89E0602C18207C0D002CBC39 /* main.m */ = {isa = PBXFileReference; lastKnownFileType = sourcecode.c.objc; path = main.m; sourceTree = "<group>"; };
		89E0602E18207C0D002CBC39 /* HolidayParty-Prefix.pch */ = {isa = PBXFileReference; lastKnownFileType = sourcecode.c.h; path = "HolidayParty-Prefix.pch"; sourceTree = "<group>"; };
		89E0602F18207C0D002CBC39 /* AppDelegate.h */ = {isa = PBXFileReference; lastKnownFileType = sourcecode.c.h; path = AppDelegate.h; sourceTree = "<group>"; };
		89E0603018207C0D002CBC39 /* AppDelegate.m */ = {isa = PBXFileReference; lastKnownFileType = sourcecode.c.objc; path = AppDelegate.m; sourceTree = "<group>"; };
		89E0603318207C0D002CBC39 /* Base */ = {isa = PBXFileReference; lastKnownFileType = file.storyboard; name = Base; path = Base.lproj/Main.storyboard; sourceTree = "<group>"; };
		89E0603518207C0D002CBC39 /* FirstViewController.h */ = {isa = PBXFileReference; lastKnownFileType = sourcecode.c.h; path = FirstViewController.h; sourceTree = "<group>"; };
		89E0603618207C0D002CBC39 /* FirstViewController.m */ = {isa = PBXFileReference; lastKnownFileType = sourcecode.c.objc; path = FirstViewController.m; sourceTree = "<group>"; };
		89E0603818207C0D002CBC39 /* SecondViewController.h */ = {isa = PBXFileReference; lastKnownFileType = sourcecode.c.h; path = SecondViewController.h; sourceTree = "<group>"; };
		89E0603918207C0D002CBC39 /* SecondViewController.m */ = {isa = PBXFileReference; lastKnownFileType = sourcecode.c.objc; path = SecondViewController.m; sourceTree = "<group>"; };
		89E0603B18207C0D002CBC39 /* Images.xcassets */ = {isa = PBXFileReference; lastKnownFileType = folder.assetcatalog; path = Images.xcassets; sourceTree = "<group>"; };
		89E0604118207C0E002CBC39 /* HolidayPartyTests.xctest */ = {isa = PBXFileReference; explicitFileType = wrapper.cfbundle; includeInIndex = 0; path = HolidayPartyTests.xctest; sourceTree = BUILT_PRODUCTS_DIR; };
		89E0604218207C0E002CBC39 /* XCTest.framework */ = {isa = PBXFileReference; lastKnownFileType = wrapper.framework; name = XCTest.framework; path = Library/Frameworks/XCTest.framework; sourceTree = DEVELOPER_DIR; };
		89E0604A18207C0E002CBC39 /* HolidayPartyTests-Info.plist */ = {isa = PBXFileReference; lastKnownFileType = text.plist.xml; path = "HolidayPartyTests-Info.plist"; sourceTree = "<group>"; };
		89E0604C18207C0E002CBC39 /* en */ = {isa = PBXFileReference; lastKnownFileType = text.plist.strings; name = en; path = en.lproj/InfoPlist.strings; sourceTree = "<group>"; };
		89E0604E18207C0E002CBC39 /* HolidayPartyTests.m */ = {isa = PBXFileReference; lastKnownFileType = sourcecode.c.objc; path = HolidayPartyTests.m; sourceTree = "<group>"; };
		89E060591820B0BD002CBC39 /* AFHTTPClient.h */ = {isa = PBXFileReference; fileEncoding = 4; lastKnownFileType = sourcecode.c.h; path = AFHTTPClient.h; sourceTree = "<group>"; };
		89E0605A1820B0BD002CBC39 /* AFHTTPClient.m */ = {isa = PBXFileReference; fileEncoding = 4; lastKnownFileType = sourcecode.c.objc; path = AFHTTPClient.m; sourceTree = "<group>"; };
		89E0605B1820B0BD002CBC39 /* AFHTTPRequestOperation.h */ = {isa = PBXFileReference; fileEncoding = 4; lastKnownFileType = sourcecode.c.h; path = AFHTTPRequestOperation.h; sourceTree = "<group>"; };
		89E0605C1820B0BD002CBC39 /* AFHTTPRequestOperation.m */ = {isa = PBXFileReference; fileEncoding = 4; lastKnownFileType = sourcecode.c.objc; path = AFHTTPRequestOperation.m; sourceTree = "<group>"; };
		89E0605D1820B0BD002CBC39 /* AFImageRequestOperation.h */ = {isa = PBXFileReference; fileEncoding = 4; lastKnownFileType = sourcecode.c.h; path = AFImageRequestOperation.h; sourceTree = "<group>"; };
		89E0605E1820B0BD002CBC39 /* AFImageRequestOperation.m */ = {isa = PBXFileReference; fileEncoding = 4; lastKnownFileType = sourcecode.c.objc; path = AFImageRequestOperation.m; sourceTree = "<group>"; };
		89E0605F1820B0BD002CBC39 /* AFJSONRequestOperation.h */ = {isa = PBXFileReference; fileEncoding = 4; lastKnownFileType = sourcecode.c.h; path = AFJSONRequestOperation.h; sourceTree = "<group>"; };
		89E060601820B0BD002CBC39 /* AFJSONRequestOperation.m */ = {isa = PBXFileReference; fileEncoding = 4; lastKnownFileType = sourcecode.c.objc; path = AFJSONRequestOperation.m; sourceTree = "<group>"; };
		89E060611820B0BD002CBC39 /* AFNetworkActivityIndicatorManager.h */ = {isa = PBXFileReference; fileEncoding = 4; lastKnownFileType = sourcecode.c.h; path = AFNetworkActivityIndicatorManager.h; sourceTree = "<group>"; };
		89E060621820B0BD002CBC39 /* AFNetworkActivityIndicatorManager.m */ = {isa = PBXFileReference; fileEncoding = 4; lastKnownFileType = sourcecode.c.objc; path = AFNetworkActivityIndicatorManager.m; sourceTree = "<group>"; };
		89E060631820B0BD002CBC39 /* AFNetworking.h */ = {isa = PBXFileReference; fileEncoding = 4; lastKnownFileType = sourcecode.c.h; path = AFNetworking.h; sourceTree = "<group>"; };
		89E060641820B0BD002CBC39 /* AFPropertyListRequestOperation.h */ = {isa = PBXFileReference; fileEncoding = 4; lastKnownFileType = sourcecode.c.h; path = AFPropertyListRequestOperation.h; sourceTree = "<group>"; };
		89E060651820B0BD002CBC39 /* AFPropertyListRequestOperation.m */ = {isa = PBXFileReference; fileEncoding = 4; lastKnownFileType = sourcecode.c.objc; path = AFPropertyListRequestOperation.m; sourceTree = "<group>"; };
		89E060661820B0BD002CBC39 /* AFURLConnectionOperation.h */ = {isa = PBXFileReference; fileEncoding = 4; lastKnownFileType = sourcecode.c.h; path = AFURLConnectionOperation.h; sourceTree = "<group>"; };
		89E060671820B0BD002CBC39 /* AFURLConnectionOperation.m */ = {isa = PBXFileReference; fileEncoding = 4; lastKnownFileType = sourcecode.c.objc; path = AFURLConnectionOperation.m; sourceTree = "<group>"; };
		89E060681820B0BD002CBC39 /* AFXMLRequestOperation.h */ = {isa = PBXFileReference; fileEncoding = 4; lastKnownFileType = sourcecode.c.h; path = AFXMLRequestOperation.h; sourceTree = "<group>"; };
		89E060691820B0BD002CBC39 /* AFXMLRequestOperation.m */ = {isa = PBXFileReference; fileEncoding = 4; lastKnownFileType = sourcecode.c.objc; path = AFXMLRequestOperation.m; sourceTree = "<group>"; };
		89E0606A1820B0BD002CBC39 /* UIImageView+AFNetworking.h */ = {isa = PBXFileReference; fileEncoding = 4; lastKnownFileType = sourcecode.c.h; path = "UIImageView+AFNetworking.h"; sourceTree = "<group>"; };
		89E0606B1820B0BD002CBC39 /* UIImageView+AFNetworking.m */ = {isa = PBXFileReference; fileEncoding = 4; lastKnownFileType = sourcecode.c.objc; path = "UIImageView+AFNetworking.m"; sourceTree = "<group>"; };
		89E060751820B99A002CBC39 /* SystemConfiguration.framework */ = {isa = PBXFileReference; lastKnownFileType = wrapper.framework; name = SystemConfiguration.framework; path = System/Library/Frameworks/SystemConfiguration.framework; sourceTree = SDKROOT; };
		89E060771820B9D5002CBC39 /* MobileCoreServices.framework */ = {isa = PBXFileReference; lastKnownFileType = wrapper.framework; name = MobileCoreServices.framework; path = System/Library/Frameworks/MobileCoreServices.framework; sourceTree = SDKROOT; };
/* End PBXFileReference section */

/* Begin PBXFrameworksBuildPhase section */
		89E0601A18207C0D002CBC39 /* Frameworks */ = {
			isa = PBXFrameworksBuildPhase;
			buildActionMask = 2147483647;
			files = (
				89E060781820B9D5002CBC39 /* MobileCoreServices.framework in Frameworks */,
				89E060761820B99A002CBC39 /* SystemConfiguration.framework in Frameworks */,
				89E0602318207C0D002CBC39 /* CoreGraphics.framework in Frameworks */,
				89E0602518207C0D002CBC39 /* UIKit.framework in Frameworks */,
				89E0602118207C0D002CBC39 /* Foundation.framework in Frameworks */,
			);
			runOnlyForDeploymentPostprocessing = 0;
		};
		89E0603E18207C0E002CBC39 /* Frameworks */ = {
			isa = PBXFrameworksBuildPhase;
			buildActionMask = 2147483647;
			files = (
				89E0604318207C0E002CBC39 /* XCTest.framework in Frameworks */,
				89E0604518207C0E002CBC39 /* UIKit.framework in Frameworks */,
				89E0604418207C0E002CBC39 /* Foundation.framework in Frameworks */,
			);
			runOnlyForDeploymentPostprocessing = 0;
		};
/* End PBXFrameworksBuildPhase section */

/* Begin PBXGroup section */
		89E0601418207C0D002CBC39 = {
			isa = PBXGroup;
			children = (
				89E060581820B0BD002CBC39 /* AFNetworking */,
				89E0602618207C0D002CBC39 /* HolidayParty */,
				89E0604818207C0E002CBC39 /* HolidayPartyTests */,
				89E0601F18207C0D002CBC39 /* Frameworks */,
				89E0601E18207C0D002CBC39 /* Products */,
			);
			sourceTree = "<group>";
		};
		89E0601E18207C0D002CBC39 /* Products */ = {
			isa = PBXGroup;
			children = (
				89E0601D18207C0D002CBC39 /* HolidayParty.app */,
				89E0604118207C0E002CBC39 /* HolidayPartyTests.xctest */,
			);
			name = Products;
			sourceTree = "<group>";
		};
		89E0601F18207C0D002CBC39 /* Frameworks */ = {
			isa = PBXGroup;
			children = (
				89E0602218207C0D002CBC39 /* CoreGraphics.framework */,
				89E0602018207C0D002CBC39 /* Foundation.framework */,
				89E060771820B9D5002CBC39 /* MobileCoreServices.framework */,
				89E060751820B99A002CBC39 /* SystemConfiguration.framework */,
				89E0602418207C0D002CBC39 /* UIKit.framework */,
				89E0604218207C0E002CBC39 /* XCTest.framework */,
			);
			name = Frameworks;
			sourceTree = "<group>";
		};
		89E0602618207C0D002CBC39 /* HolidayParty */ = {
			isa = PBXGroup;
			children = (
				89E0602F18207C0D002CBC39 /* AppDelegate.h */,
				89E0603018207C0D002CBC39 /* AppDelegate.m */,
				89E0603218207C0D002CBC39 /* Main.storyboard */,
				89E0603518207C0D002CBC39 /* FirstViewController.h */,
				89E0603618207C0D002CBC39 /* FirstViewController.m */,
				89E0603818207C0D002CBC39 /* SecondViewController.h */,
				89E0603918207C0D002CBC39 /* SecondViewController.m */,
				89E0603B18207C0D002CBC39 /* Images.xcassets */,
				89E0602718207C0D002CBC39 /* Supporting Files */,
			);
			path = HolidayParty;
			sourceTree = "<group>";
		};
		89E0602718207C0D002CBC39 /* Supporting Files */ = {
			isa = PBXGroup;
			children = (
				89E0602818207C0D002CBC39 /* HolidayParty-Info.plist */,
				89E0602918207C0D002CBC39 /* InfoPlist.strings */,
				89E0602C18207C0D002CBC39 /* main.m */,
				89E0602E18207C0D002CBC39 /* HolidayParty-Prefix.pch */,
			);
			name = "Supporting Files";
			sourceTree = "<group>";
		};
		89E0604818207C0E002CBC39 /* HolidayPartyTests */ = {
			isa = PBXGroup;
			children = (
				89E0604E18207C0E002CBC39 /* HolidayPartyTests.m */,
				89E0604918207C0E002CBC39 /* Supporting Files */,
			);
			path = HolidayPartyTests;
			sourceTree = "<group>";
		};
		89E0604918207C0E002CBC39 /* Supporting Files */ = {
			isa = PBXGroup;
			children = (
				89E0604A18207C0E002CBC39 /* HolidayPartyTests-Info.plist */,
				89E0604B18207C0E002CBC39 /* InfoPlist.strings */,
			);
			name = "Supporting Files";
			sourceTree = "<group>";
		};
		89E060581820B0BD002CBC39 /* AFNetworking */ = {
			isa = PBXGroup;
			children = (
				89E060591820B0BD002CBC39 /* AFHTTPClient.h */,
				89E0605A1820B0BD002CBC39 /* AFHTTPClient.m */,
				89E0605B1820B0BD002CBC39 /* AFHTTPRequestOperation.h */,
				89E0605C1820B0BD002CBC39 /* AFHTTPRequestOperation.m */,
				89E0605D1820B0BD002CBC39 /* AFImageRequestOperation.h */,
				89E0605E1820B0BD002CBC39 /* AFImageRequestOperation.m */,
				89E0605F1820B0BD002CBC39 /* AFJSONRequestOperation.h */,
				89E060601820B0BD002CBC39 /* AFJSONRequestOperation.m */,
				89E060611820B0BD002CBC39 /* AFNetworkActivityIndicatorManager.h */,
				89E060621820B0BD002CBC39 /* AFNetworkActivityIndicatorManager.m */,
				89E060631820B0BD002CBC39 /* AFNetworking.h */,
				89E060641820B0BD002CBC39 /* AFPropertyListRequestOperation.h */,
				89E060651820B0BD002CBC39 /* AFPropertyListRequestOperation.m */,
				89E060661820B0BD002CBC39 /* AFURLConnectionOperation.h */,
				89E060671820B0BD002CBC39 /* AFURLConnectionOperation.m */,
				89E060681820B0BD002CBC39 /* AFXMLRequestOperation.h */,
				89E060691820B0BD002CBC39 /* AFXMLRequestOperation.m */,
				89E0606A1820B0BD002CBC39 /* UIImageView+AFNetworking.h */,
				89E0606B1820B0BD002CBC39 /* UIImageView+AFNetworking.m */,
			);
			name = AFNetworking;
			path = HolidayParty/AFNetworking;
			sourceTree = "<group>";
		};
/* End PBXGroup section */

/* Begin PBXNativeTarget section */
		89E0601C18207C0D002CBC39 /* HolidayParty */ = {
			isa = PBXNativeTarget;
			buildConfigurationList = 89E0605218207C0E002CBC39 /* Build configuration list for PBXNativeTarget "HolidayParty" */;
			buildPhases = (
				89E0601918207C0D002CBC39 /* Sources */,
				89E0601A18207C0D002CBC39 /* Frameworks */,
				89E0601B18207C0D002CBC39 /* Resources */,
			);
			buildRules = (
			);
			dependencies = (
			);
			name = HolidayParty;
			productName = HolidayParty;
			productReference = 89E0601D18207C0D002CBC39 /* HolidayParty.app */;
			productType = "com.apple.product-type.application";
		};
		89E0604018207C0E002CBC39 /* HolidayPartyTests */ = {
			isa = PBXNativeTarget;
			buildConfigurationList = 89E0605518207C0E002CBC39 /* Build configuration list for PBXNativeTarget "HolidayPartyTests" */;
			buildPhases = (
				89E0603D18207C0E002CBC39 /* Sources */,
				89E0603E18207C0E002CBC39 /* Frameworks */,
				89E0603F18207C0E002CBC39 /* Resources */,
			);
			buildRules = (
			);
			dependencies = (
				89E0604718207C0E002CBC39 /* PBXTargetDependency */,
			);
			name = HolidayPartyTests;
			productName = HolidayPartyTests;
			productReference = 89E0604118207C0E002CBC39 /* HolidayPartyTests.xctest */;
			productType = "com.apple.product-type.bundle.unit-test";
		};
/* End PBXNativeTarget section */

/* Begin PBXProject section */
		89E0601518207C0D002CBC39 /* Project object */ = {
			isa = PBXProject;
			attributes = {
				LastUpgradeCheck = 0500;
				ORGANIZATIONNAME = "Eric Mansfield";
				TargetAttributes = {
					89E0601C18207C0D002CBC39 = {
						DevelopmentTeam = TP8G35A237;
					};
					89E0604018207C0E002CBC39 = {
						TestTargetID = 89E0601C18207C0D002CBC39;
					};
				};
			};
			buildConfigurationList = 89E0601818207C0D002CBC39 /* Build configuration list for PBXProject "HolidayParty" */;
			compatibilityVersion = "Xcode 3.2";
			developmentRegion = English;
			hasScannedForEncodings = 0;
			knownRegions = (
				en,
				Base,
			);
			mainGroup = 89E0601418207C0D002CBC39;
			productRefGroup = 89E0601E18207C0D002CBC39 /* Products */;
			projectDirPath = "";
			projectRoot = "";
			targets = (
				89E0601C18207C0D002CBC39 /* HolidayParty */,
				89E0604018207C0E002CBC39 /* HolidayPartyTests */,
			);
		};
/* End PBXProject section */

/* Begin PBXResourcesBuildPhase section */
		89E0601B18207C0D002CBC39 /* Resources */ = {
			isa = PBXResourcesBuildPhase;
			buildActionMask = 2147483647;
			files = (
				89E0603C18207C0D002CBC39 /* Images.xcassets in Resources */,
				89E0602B18207C0D002CBC39 /* InfoPlist.strings in Resources */,
				89E0603418207C0D002CBC39 /* Main.storyboard in Resources */,
			);
			runOnlyForDeploymentPostprocessing = 0;
		};
		89E0603F18207C0E002CBC39 /* Resources */ = {
			isa = PBXResourcesBuildPhase;
			buildActionMask = 2147483647;
			files = (
				89E0604D18207C0E002CBC39 /* InfoPlist.strings in Resources */,
			);
			runOnlyForDeploymentPostprocessing = 0;
		};
/* End PBXResourcesBuildPhase section */

/* Begin PBXSourcesBuildPhase section */
		89E0601918207C0D002CBC39 /* Sources */ = {
			isa = PBXSourcesBuildPhase;
			buildActionMask = 2147483647;
			files = (
				89E060721820B0BD002CBC39 /* AFURLConnectionOperation.m in Sources */,
				89E060741820B0BD002CBC39 /* UIImageView+AFNetworking.m in Sources */,
				89E0606E1820B0BD002CBC39 /* AFImageRequestOperation.m in Sources */,
				89E0606D1820B0BD002CBC39 /* AFHTTPRequestOperation.m in Sources */,
				89E0606C1820B0BD002CBC39 /* AFHTTPClient.m in Sources */,
				89E060731820B0BD002CBC39 /* AFXMLRequestOperation.m in Sources */,
				89E0603A18207C0D002CBC39 /* SecondViewController.m in Sources */,
				89E0603118207C0D002CBC39 /* AppDelegate.m in Sources */,
				89E0603718207C0D002CBC39 /* FirstViewController.m in Sources */,
				89E0606F1820B0BD002CBC39 /* AFJSONRequestOperation.m in Sources */,
				89E0602D18207C0D002CBC39 /* main.m in Sources */,
				89E060711820B0BD002CBC39 /* AFPropertyListRequestOperation.m in Sources */,
				89E060701820B0BD002CBC39 /* AFNetworkActivityIndicatorManager.m in Sources */,
			);
			runOnlyForDeploymentPostprocessing = 0;
		};
		89E0603D18207C0E002CBC39 /* Sources */ = {
			isa = PBXSourcesBuildPhase;
			buildActionMask = 2147483647;
			files = (
				89E0604F18207C0E002CBC39 /* HolidayPartyTests.m in Sources */,
			);
			runOnlyForDeploymentPostprocessing = 0;
		};
/* End PBXSourcesBuildPhase section */

/* Begin PBXTargetDependency section */
		89E0604718207C0E002CBC39 /* PBXTargetDependency */ = {
			isa = PBXTargetDependency;
			target = 89E0601C18207C0D002CBC39 /* HolidayParty */;
			targetProxy = 89E0604618207C0E002CBC39 /* PBXContainerItemProxy */;
		};
/* End PBXTargetDependency section */

/* Begin PBXVariantGroup section */
		89E0602918207C0D002CBC39 /* InfoPlist.strings */ = {
			isa = PBXVariantGroup;
			children = (
				89E0602A18207C0D002CBC39 /* en */,
			);
			name = InfoPlist.strings;
			sourceTree = "<group>";
		};
		89E0603218207C0D002CBC39 /* Main.storyboard */ = {
			isa = PBXVariantGroup;
			children = (
				89E0603318207C0D002CBC39 /* Base */,
			);
			name = Main.storyboard;
			sourceTree = "<group>";
		};
		89E0604B18207C0E002CBC39 /* InfoPlist.strings */ = {
			isa = PBXVariantGroup;
			children = (
				89E0604C18207C0E002CBC39 /* en */,
			);
			name = InfoPlist.strings;
			sourceTree = "<group>";
		};
/* End PBXVariantGroup section */

/* Begin XCBuildConfiguration section */
		89E0605018207C0E002CBC39 /* Debug */ = {
			isa = XCBuildConfiguration;
			buildSettings = {
				ALWAYS_SEARCH_USER_PATHS = NO;
				ARCHS = "$(ARCHS_STANDARD_INCLUDING_64_BIT)";
				CLANG_CXX_LANGUAGE_STANDARD = "gnu++0x";
				CLANG_CXX_LIBRARY = "libc++";
				CLANG_ENABLE_MODULES = YES;
				CLANG_ENABLE_OBJC_ARC = YES;
				CLANG_WARN_BOOL_CONVERSION = YES;
				CLANG_WARN_CONSTANT_CONVERSION = YES;
				CLANG_WARN_DIRECT_OBJC_ISA_USAGE = YES_ERROR;
				CLANG_WARN_EMPTY_BODY = YES;
				CLANG_WARN_ENUM_CONVERSION = YES;
				CLANG_WARN_INT_CONVERSION = YES;
				CLANG_WARN_OBJC_ROOT_CLASS = YES_ERROR;
				CLANG_WARN__DUPLICATE_METHOD_MATCH = YES;
				"CODE_SIGN_IDENTITY[sdk=iphoneos*]" = "iPhone Developer";
				COPY_PHASE_STRIP = NO;
				GCC_C_LANGUAGE_STANDARD = gnu99;
				GCC_DYNAMIC_NO_PIC = NO;
				GCC_OPTIMIZATION_LEVEL = 0;
				GCC_PREPROCESSOR_DEFINITIONS = (
					"DEBUG=1",
					"$(inherited)",
				);
				GCC_SYMBOLS_PRIVATE_EXTERN = NO;
				GCC_WARN_64_TO_32_BIT_CONVERSION = YES;
				GCC_WARN_ABOUT_RETURN_TYPE = YES_ERROR;
				GCC_WARN_UNDECLARED_SELECTOR = YES;
				GCC_WARN_UNINITIALIZED_AUTOS = YES;
				GCC_WARN_UNUSED_FUNCTION = YES;
				GCC_WARN_UNUSED_VARIABLE = YES;
				IPHONEOS_DEPLOYMENT_TARGET = 7.0;
				ONLY_ACTIVE_ARCH = YES;
				SDKROOT = iphoneos;
			};
			name = Debug;
		};
		89E0605118207C0E002CBC39 /* Release */ = {
			isa = XCBuildConfiguration;
			buildSettings = {
				ALWAYS_SEARCH_USER_PATHS = NO;
				ARCHS = "$(ARCHS_STANDARD_INCLUDING_64_BIT)";
				CLANG_CXX_LANGUAGE_STANDARD = "gnu++0x";
				CLANG_CXX_LIBRARY = "libc++";
				CLANG_ENABLE_MODULES = YES;
				CLANG_ENABLE_OBJC_ARC = YES;
				CLANG_WARN_BOOL_CONVERSION = YES;
				CLANG_WARN_CONSTANT_CONVERSION = YES;
				CLANG_WARN_DIRECT_OBJC_ISA_USAGE = YES_ERROR;
				CLANG_WARN_EMPTY_BODY = YES;
				CLANG_WARN_ENUM_CONVERSION = YES;
				CLANG_WARN_INT_CONVERSION = YES;
				CLANG_WARN_OBJC_ROOT_CLASS = YES_ERROR;
				CLANG_WARN__DUPLICATE_METHOD_MATCH = YES;
				"CODE_SIGN_IDENTITY[sdk=iphoneos*]" = "iPhone Developer";
				COPY_PHASE_STRIP = YES;
				ENABLE_NS_ASSERTIONS = NO;
				GCC_C_LANGUAGE_STANDARD = gnu99;
				GCC_WARN_64_TO_32_BIT_CONVERSION = YES;
				GCC_WARN_ABOUT_RETURN_TYPE = YES_ERROR;
				GCC_WARN_UNDECLARED_SELECTOR = YES;
				GCC_WARN_UNINITIALIZED_AUTOS = YES;
				GCC_WARN_UNUSED_FUNCTION = YES;
				GCC_WARN_UNUSED_VARIABLE = YES;
				IPHONEOS_DEPLOYMENT_TARGET = 7.0;
				SDKROOT = iphoneos;
				VALIDATE_PRODUCT = YES;
			};
			name = Release;
		};
		89E0605318207C0E002CBC39 /* Debug */ = {
			isa = XCBuildConfiguration;
			buildSettings = {
				ASSETCATALOG_COMPILER_APPICON_NAME = AppIcon;
				ASSETCATALOG_COMPILER_LAUNCHIMAGE_NAME = LaunchImage;
				CODE_SIGN_IDENTITY = "iPhone Developer";
				GCC_PRECOMPILE_PREFIX_HEADER = YES;
				GCC_PREFIX_HEADER = "HolidayParty/HolidayParty-Prefix.pch";
				INFOPLIST_FILE = "HolidayParty/HolidayParty-Info.plist";
				PRODUCT_NAME = "$(TARGET_NAME)";
				WRAPPER_EXTENSION = app;
			};
			name = Debug;
		};
		89E0605418207C0E002CBC39 /* Release */ = {
			isa = XCBuildConfiguration;
			buildSettings = {
				ASSETCATALOG_COMPILER_APPICON_NAME = AppIcon;
				ASSETCATALOG_COMPILER_LAUNCHIMAGE_NAME = LaunchImage;
				CODE_SIGN_IDENTITY = "iPhone Developer";
				GCC_PRECOMPILE_PREFIX_HEADER = YES;
				GCC_PREFIX_HEADER = "HolidayParty/HolidayParty-Prefix.pch";
				INFOPLIST_FILE = "HolidayParty/HolidayParty-Info.plist";
				PRODUCT_NAME = "$(TARGET_NAME)";
				WRAPPER_EXTENSION = app;
			};
			name = Release;
		};
		89E0605618207C0E002CBC39 /* Debug */ = {
			isa = XCBuildConfiguration;
			buildSettings = {
				ARCHS = "$(ARCHS_STANDARD_INCLUDING_64_BIT)";
				BUNDLE_LOADER = "$(BUILT_PRODUCTS_DIR)/HolidayParty.app/HolidayParty";
				FRAMEWORK_SEARCH_PATHS = (
					"$(SDKROOT)/Developer/Library/Frameworks",
					"$(inherited)",
					"$(DEVELOPER_FRAMEWORKS_DIR)",
				);
				GCC_PRECOMPILE_PREFIX_HEADER = YES;
				GCC_PREFIX_HEADER = "HolidayParty/HolidayParty-Prefix.pch";
				GCC_PREPROCESSOR_DEFINITIONS = (
					"DEBUG=1",
					"$(inherited)",
				);
				INFOPLIST_FILE = "HolidayPartyTests/HolidayPartyTests-Info.plist";
				PRODUCT_NAME = "$(TARGET_NAME)";
				TEST_HOST = "$(BUNDLE_LOADER)";
				WRAPPER_EXTENSION = xctest;
			};
			name = Debug;
		};
		89E0605718207C0E002CBC39 /* Release */ = {
			isa = XCBuildConfiguration;
			buildSettings = {
				ARCHS = "$(ARCHS_STANDARD_INCLUDING_64_BIT)";
				BUNDLE_LOADER = "$(BUILT_PRODUCTS_DIR)/HolidayParty.app/HolidayParty";
				FRAMEWORK_SEARCH_PATHS = (
					"$(SDKROOT)/Developer/Library/Frameworks",
					"$(inherited)",
					"$(DEVELOPER_FRAMEWORKS_DIR)",
				);
				GCC_PRECOMPILE_PREFIX_HEADER = YES;
				GCC_PREFIX_HEADER = "HolidayParty/HolidayParty-Prefix.pch";
				INFOPLIST_FILE = "HolidayPartyTests/HolidayPartyTests-Info.plist";
				PRODUCT_NAME = "$(TARGET_NAME)";
				TEST_HOST = "$(BUNDLE_LOADER)";
				WRAPPER_EXTENSION = xctest;
			};
			name = Release;
		};
/* End XCBuildConfiguration section */

/* Begin XCConfigurationList section */
		89E0601818207C0D002CBC39 /* Build configuration list for PBXProject "HolidayParty" */ = {
			isa = XCConfigurationList;
			buildConfigurations = (
				89E0605018207C0E002CBC39 /* Debug */,
				89E0605118207C0E002CBC39 /* Release */,
			);
			defaultConfigurationIsVisible = 0;
			defaultConfigurationName = Release;
		};
		89E0605218207C0E002CBC39 /* Build configuration list for PBXNativeTarget "HolidayParty" */ = {
			isa = XCConfigurationList;
			buildConfigurations = (
				89E0605318207C0E002CBC39 /* Debug */,
				89E0605418207C0E002CBC39 /* Release */,
			);
			defaultConfigurationIsVisible = 0;
		};
		89E0605518207C0E002CBC39 /* Build configuration list for PBXNativeTarget "HolidayPartyTests" */ = {
			isa = XCConfigurationList;
			buildConfigurations = (
				89E0605618207C0E002CBC39 /* Debug */,
				89E0605718207C0E002CBC39 /* Release */,
			);
			defaultConfigurationIsVisible = 0;
		};
/* End XCConfigurationList section */
	};
	rootObject = 89E0601518207C0D002CBC39 /* Project object */;
}
